
Microsoft Visual Studio Solution File, Format Version 12.00
# Visual Studio Version 16
VisualStudioVersion = 16.0.29911.84
MinimumVisualStudioVersion = 10.0.40219.1
Project("{FAE04EC0-301F-11D3-BF4B-00C04F79EFBC}") = "PlayingCards", "PlayingCards.csproj", "{EB906D20-D3A1-4CCE-9E83-134FA0996B75}"
EndProject
Global
	GlobalSection(SolutionConfigurationPlatforms) = preSolution
		Debug|Any CPU = Debug|Any CPU
		Release|Any CPU = Release|Any CPU
	EndGlobalSection
	GlobalSection(ProjectConfigurationPlatforms) = postSolution
		{EB906D20-D3A1-4CCE-9E83-134FA0996B75}.Debug|Any CPU.ActiveCfg = Debug|Any CPU
		{EB906D20-D3A1-4CCE-9E83-134FA0996B75}.Debug|Any CPU.Build.0 = Debug|Any CPU
		{EB906D20-D3A1-4CCE-9E83-134FA0996B75}.Release|Any CPU.ActiveCfg = Release|Any CPU
		{EB906D20-D3A1-4CCE-9E83-134FA0996B75}.Release|Any CPU.Build.0 = Release|Any CPU
	EndGlobalSection
	GlobalSection(SolutionProperties) = preSolution
		HideSolutionNode = FALSE
	EndGlobalSection
	GlobalSection(ExtensibilityGlobals) = postSolution
		SolutionGuid = {ED5EB05E-8366-4A90-91D3-25161CAA7E46}
	EndGlobalSection
EndGlobal
